lockfileVersion: '9.0'

settings:
  autoInstallPeers: true
  excludeLinksFromLockfile: false

packageExtensionsChecksum: sha256-IQSNU9cJtri1P9xMWAvG91nRHacWCj8xtjZCK1etLxM=

importers:

  .:
    devDependencies:
      autoprefixer:
        specifier: ^10.4.21
        version: 10.4.21(postcss@8.5.6)
      cssnano:
        specifier: ^7.0.7
        version: 7.1.0(postcss@8.5.6)
      postcss:
        specifier: ^8.5.6
        version: 8.5.6
      postcss-cli:
        specifier: ^11.0.1
        version: 11.0.1(postcss@8.5.6)
      postcss-import:
        specifier: ^16.1.1
        version: 16.1.1(postcss@8.5.6)
      postcss-nesting:
        specifier: ^13.0.2
        version: 13.0.2(postcss@8.5.6)
      rimraf:
        specifier: ^6.0.1
        version: 6.0.1

packages:

  '@csstools/selector-resolve-nested@3.1.0':
    resolution: {integrity: sha512-mf1LEW0tJLKfWyvn5KdDrhpxHyuxpbNwTIwOYLIvsTffeyOf85j5oIzfG0yosxDgx/sswlqBnESYUcQH0vgZ0g==}
    engines: {node: '>=18'}
    peerDependencies:
      postcss-selector-parser: ^7.0.0

  '@csstools/selector-specificity@5.0.0':
    resolution: {integrity: sha512-PCqQV3c4CoVm3kdPhyeZ07VmBRdH2EpMFA/pd9OASpOEC3aXNGoqPDAZ80D0cLpMBxnmk0+yNhGsEx31hq7Gtw==}
    engines: {node: '>=18'}
    peerDependencies:
      postcss-selector-parser: ^7.0.0

  '@isaacs/balanced-match@4.0.1':
    resolution: {integrity: sha512-yzMTt9lEb8Gv7zRioUilSglI0c0smZ9k5D65677DLWLtWJaXIS3CqcGyUFByYKlnUj6TkjLVs54fBl6+TiGQDQ==}
    engines: {node: 20 || >=22}

  '@isaacs/brace-expansion@5.0.0':
    resolution: {integrity: sha512-ZT55BDLV0yv0RBm2czMiZ+SqCGO7AvmOM3G/w2xhVPH+te0aKgFjmBvGlL1dH+ql2tgGO3MVrbb3jCKyvpgnxA==}
    engines: {node: 20 || >=22}

  '@isaacs/cliui@8.0.2':
    resolution: {integrity: sha512-O8jcjabXaleOG9DQ0+ARXWZBTfnP4WNAqzuiJK7ll44AmxGKv/J2M4TPjxjY3znBCfvBXFzucm1twdyFybFqEA==}
    engines: {node: '>=12'}

  ansi-regex@5.0.1:
    resolution: {integrity: sha512-quJQXlTSUGL2LH9SUXo8VwsY4soanhgo6LNSm84E1LBcE8s3O0wpdiRzyR9z/ZZJMlMWv37qOOb9pdJlMUEKFQ==}
    engines: {node: '>=8'}

  ansi-regex@6.1.0:
    resolution: {integrity: sha512-7HSX4QQb4CspciLpVFwyRe79O3xsIZDDLER21kERQ71oaPodF8jL725AgJMFAYbooIqolJoRLuM81SpeUkpkvA==}
    engines: {node: '>=12'}

  ansi-styles@4.3.0:
    resolution: {integrity: sha512-zbB9rCJAT1rbjiVDb2hqKFHNYLxgtk8NURxZ3IZwD3F6NtxbXZQCnnSi1Lkx+IDohdPlFp222wVALIheZJQSEg==}
    engines: {node: '>=8'}

  ansi-styles@6.2.1:
    resolution: {integrity: sha512-bN798gFfQX+viw3R7yrGWRqnrN2oRkEkUjjl4JNn4E8GxxbjtG3FbrEIIY3l8/hrwUwIeCZvi4QuOTP4MErVug==}
    engines: {node: '>=12'}

  anymatch@3.1.3:
    resolution: {integrity: sha512-KMReFUr0B4t+D+OBkjR3KYqvocp2XaSzO55UcB6mgQMd3KbcE+mWTyvVV7D/zsdEbNnV6acZUutkiHQXvTr1Rw==}
    engines: {node: '>= 8'}

  autoprefixer@10.4.21:
    resolution: {integrity: sha512-O+A6LWV5LDHSJD3LjHYoNi4VLsj/Whi7k6zG12xTYaU4cQ8oxQGckXNX8cRHK5yOZ/ppVHe0ZBXGzSV9jXdVbQ==}
    engines: {node: ^10 || ^12 || >=14}
    hasBin: true
    peerDependencies:
      postcss: ^8.1.0

  binary-extensions@2.3.0:
    resolution: {integrity: sha512-Ceh+7ox5qe7LJuLHoY0feh3pHuUDHAcRUeyL2VYghZwfpkNIy/+8Ocg0a3UuSoYzavmylwuLWQOf3hl0jjMMIw==}
    engines: {node: '>=8'}

  boolbase@1.0.0:
    resolution: {integrity: sha512-JZOSA7Mo9sNGB8+UjSgzdLtokWAky1zbztM3WRLCbZ70/3cTANmQmOdR7y2g+J0e2WXywy1yS468tY+IruqEww==}

  braces@3.0.3:
    resolution: {integrity: sha512-yQbXgO/OSZVD2IsiLlro+7Hf6Q18EJrKSEsdoMzKePKXct3gvD8oLcOQdIzGupr5Fj+EDe8gO/lxc1BzfMpxvA==}
    engines: {node: '>=8'}

  browserslist@4.25.1:
    resolution: {integrity: sha512-KGj0KoOMXLpSNkkEI6Z6mShmQy0bc1I+T7K9N81k4WWMrfz+6fQ6es80B/YLAeRoKvjYE1YSHHOW1qe9xIVzHw==}
    engines: {node: ^6 || ^7 || ^8 || ^9 || ^10 || ^11 || ^12 || >=13.7}
    hasBin: true

  caniuse-api@3.0.0:
    resolution: {integrity: sha512-bsTwuIg/BZZK/vreVTYYbSWoe2F+71P7K5QGEX+pT250DZbfU1MQ5prOKpPR+LL6uWKK3KMwMCAS74QB3Um1uw==}

  caniuse-lite@1.0.30001727:
    resolution: {integrity: sha512-pB68nIHmbN6L/4C6MH1DokyR3bYqFwjaSs/sWDHGj4CTcFtQUQMuJftVwWkXq7mNWOybD3KhUv3oWHoGxgP14Q==}

  chokidar@3.6.0:
    resolution: {integrity: sha512-7VT13fmjotKpGipCW9JEQAusEPE+Ei8nl6/g4FBAmIm0GOOLMua9NDDo/DWp0ZAxCr3cPq5ZpBqmPAQgDda2Pw==}
    engines: {node: '>= 8.10.0'}

  cliui@8.0.1:
    resolution: {integrity: sha512-BSeNnyus75C4//NQ9gQt1/csTXyo/8Sb+afLAkzAptFuMsod9HFokGNudZpi/oQV73hnVK+sR+5PVRMd+Dr7YQ==}
    engines: {node: '>=12'}

  color-convert@2.0.1:
    resolution: {integrity: sha512-RRECPsj7iu/xb5oKYcsFHSppFNnsj/52OVTRKb4zP5onXwVF3zVmmToNcOfGC+CRDpfK/U584fMg38ZHCaElKQ==}
    engines: {node: '>=7.0.0'}

  color-name@1.1.4:
    resolution: {integrity: sha512-dOy+3AuW3a2wNbZHIuMZpTcgjGuLU/uBL/ubcZF9OXbDo8ff4O8yVp5Bf0efS8uEoYo5q4Fx7dY9OgQGXgAsQA==}

  colord@2.9.3:
    resolution: {integrity: sha512-jeC1axXpnb0/2nn/Y1LPuLdgXBLH7aDcHu4KEKfqw3CUhX7ZpfBSlPKyqXE6btIgEzfWtrX3/tyBCaCvXvMkOw==}

  commander@11.1.0:
    resolution: {integrity: sha512-yPVavfyCcRhmorC7rWlkHn15b4wDVgVmBA7kV4QVBsF7kv/9TKJAbAXVTxvTnwP8HHKjRCJDClKbciiYS7p0DQ==}
    engines: {node: '>=16'}

  cross-spawn@7.0.6:
    resolution: {integrity: sha512-uV2QOWP2nWzsy2aMp8aRibhi9dlzF5Hgh5SHaB9OiTGEyDTiJJyx0uy51QXdyWbtAHNua4XJzUKca3OzKUd3vA==}
    engines: {node: '>= 8'}

  css-declaration-sorter@7.2.0:
    resolution: {integrity: sha512-h70rUM+3PNFuaBDTLe8wF/cdWu+dOZmb7pJt8Z2sedYbAcQVQV/tEchueg3GWxwqS0cxtbxmaHEdkNACqcvsow==}
    engines: {node: ^14 || ^16 || >=18}
    peerDependencies:
      postcss: ^8.0.9

  css-select@5.2.2:
    resolution: {integrity: sha512-TizTzUddG/xYLA3NXodFM0fSbNizXjOKhqiQQwvhlspadZokn1KDy0NZFS0wuEubIYAV5/c1/lAr0TaaFXEXzw==}

  css-tree@2.2.1:
    resolution: {integrity: sha512-OA0mILzGc1kCOCSJerOeqDxDQ4HOh+G8NbOJFOTgOCzpw7fCBubk0fEyxp8AgOL/jvLgYA/uV0cMbe43ElF1JA==}
    engines: {node: ^10 || ^12.20.0 || ^14.13.0 || >=15.0.0, npm: '>=7.0.0'}

  css-tree@3.1.0:
    resolution: {integrity: sha512-0eW44TGN5SQXU1mWSkKwFstI/22X2bG1nYzZTYMAWjylYURhse752YgbE4Cx46AC+bAvI+/dYTPRk1LqSUnu6w==}
    engines: {node: ^10 || ^12.20.0 || ^14.13.0 || >=15.0.0}

  css-what@6.2.2:
    resolution: {integrity: sha512-u/O3vwbptzhMs3L1fQE82ZSLHQQfto5gyZzwteVIEyeaY5Fc7R4dapF/BvRoSYFeqfBk4m0V1Vafq5Pjv25wvA==}
    engines: {node: '>= 6'}

  cssesc@3.0.0:
    resolution: {integrity: sha512-/Tb/JcjK111nNScGob5MNtsntNM1aCNUDipB/TkwZFhyDrrE47SOx/18wF2bbjgc3ZzCSKW1T5nt5EbFoAz/Vg==}
    engines: {node: '>=4'}
    hasBin: true

  cssnano-preset-default@7.0.8:
    resolution: {integrity: sha512-d+3R2qwrUV3g4LEMOjnndognKirBZISylDZAF/TPeCWVjEwlXS2e4eN4ICkoobRe7pD3H6lltinKVyS1AJhdjQ==}
    engines: {node: ^18.12.0 || ^20.9.0 || >=22.0}
    peerDependencies:
      postcss: ^8.4.32

  cssnano-utils@5.0.1:
    resolution: {integrity: sha512-ZIP71eQgG9JwjVZsTPSqhc6GHgEr53uJ7tK5///VfyWj6Xp2DBmixWHqJgPno+PqATzn48pL42ww9x5SSGmhZg==}
    engines: {node: ^18.12.0 || ^20.9.0 || >=22.0}
    peerDependencies:
      postcss: ^8.4.32

  cssnano@7.1.0:
    resolution: {integrity: sha512-Pu3rlKkd0ZtlCUzBrKL1Z4YmhKppjC1H9jo7u1o4qaKqyhvixFgu5qLyNIAOjSTg9DjVPtUqdROq2EfpVMEe+w==}
    engines: {node: ^18.12.0 || ^20.9.0 || >=22.0}
    peerDependencies:
      postcss: ^8.4.32

  csso@5.0.5:
    resolution: {integrity: sha512-0LrrStPOdJj+SPCCrGhzryycLjwcgUSHBtxNA8aIDxf0GLsRh1cKYhB00Gd1lDOS4yGH69+SNn13+TWbVHETFQ==}
    engines: {node: ^10 || ^12.20.0 || ^14.13.0 || >=15.0.0, npm: '>=7.0.0'}

  dependency-graph@1.0.0:
    resolution: {integrity: sha512-cW3gggJ28HZ/LExwxP2B++aiKxhJXMSIt9K48FOXQkm+vuG5gyatXnLsONRJdzO/7VfjDIiaOOa/bs4l464Lwg==}
    engines: {node: '>=4'}

  dom-serializer@2.0.0:
    resolution: {integrity: sha512-wIkAryiqt/nV5EQKqQpo3SToSOV9J0DnbJqwK7Wv/Trc92zIAYZ4FlMu+JPFW1DfGFt81ZTCGgDEabffXeLyJg==}

  domelementtype@2.3.0:
    resolution: {integrity: sha512-OLETBj6w0OsagBwdXnPdN0cnMfF9opN69co+7ZrbfPGrdpPVNBUj02spi6B1N7wChLQiPn4CSH/zJvXw56gmHw==}

  domhandler@5.0.3:
    resolution: {integrity: sha512-cgwlv/1iFQiFnU96XXgROh8xTeetsnJiDsTc7TYCLFd9+/WNkIqPTxiM/8pSd8VIrhXGTf1Ny1q1hquVqDJB5w==}
    engines: {node: '>= 4'}

  domutils@3.2.2:
    resolution: {integrity: sha512-6kZKyUajlDuqlHKVX1w7gyslj9MPIXzIFiz/rGu35uC1wMi+kMhQwGhl4lt9unC9Vb9INnY9Z3/ZA3+FhASLaw==}

  eastasianwidth@0.2.0:
    resolution: {integrity: sha512-I88TYZWc9XiYHRQ4/3c5rjjfgkjhLyW2luGIheGERbNQ6OY7yTybanSpDXZa8y7VUP9YmDcYa+eyq4ca7iLqWA==}

  electron-to-chromium@1.5.185:
    resolution: {integrity: sha512-dYOZfUk57hSMPePoIQ1fZWl1Fkj+OshhEVuPacNKWzC1efe56OsHY3l/jCfiAgIICOU3VgOIdoq7ahg7r7n6MQ==}

  emoji-regex@8.0.0:
    resolution: {integrity: sha512-MSjYzcWNOA0ewAHpz0MxpYFvwg6yjy1NG3xteoqz644VCo/RPgnr1/GGt+ic3iJTzQ8Eu3TdM14SawnVUmGE6A==}

  emoji-regex@9.2.2:
    resolution: {integrity: sha512-L18DaJsXSUk2+42pv8mLs5jJT2hqFkFE4j21wOmgbUqsZ2hL72NsUU785g9RXgo3s0ZNgVl42TiHp3ZtOv/Vyg==}

  entities@4.5.0:
    resolution: {integrity: sha512-V0hjH4dGPh9Ao5p0MoRY6BVqtwCjhz6vI5LT8AJ55H+4g9/4vbHx1I54fS0XuclLhDHArPQCiMjDxjaL8fPxhw==}
    engines: {node: '>=0.12'}

  escalade@3.2.0:
    resolution: {integrity: sha512-WUj2qlxaQtO4g6Pq5c29GTcWGDyd8itL8zTlipgECz3JesAiiOKotd8JU6otB3PACgG6xkJUyVhboMS+bje/jA==}
    engines: {node: '>=6'}

  fdir@6.4.6:
    resolution: {integrity: sha512-hiFoqpyZcfNm1yc4u8oWCf9A2c4D3QjCrks3zmoVKVxpQRzmPNar1hUJcBG2RQHvEVGDN+Jm81ZheVLAQMK6+w==}
    peerDependencies:
      picomatch: ^3 || ^4
    peerDependenciesMeta:
      picomatch:
        optional: true

  fill-range@7.1.1:
    resolution: {integrity: sha512-YsGpe3WHLK8ZYi4tWDg2Jy3ebRz2rXowDxnld4bkQB00cc/1Zw9AWnC0i9ztDJitivtQvaI9KaLyKrc+hBW0yg==}
    engines: {node: '>=8'}

  foreground-child@3.3.1:
    resolution: {integrity: sha512-gIXjKqtFuWEgzFRJA9WCQeSJLZDjgJUOMCMzxtvFq/37KojM1BFGufqsCy0r4qSQmYLsZYMeyRqzIWOMup03sw==}
    engines: {node: '>=14'}

  fraction.js@4.3.7:
    resolution: {integrity: sha512-ZsDfxO51wGAXREY55a7la9LScWpwv9RxIrYABrlvOFBlH/ShPnrtsXeuUIfXKKOVicNxQ+o8JTbJvjS4M89yew==}

  fs-extra@11.3.0:
    resolution: {integrity: sha512-Z4XaCL6dUDHfP/jT25jJKMmtxvuwbkrD1vNSMFlo9lNLY2c5FHYSQgHPRZUjAB26TpDEoW9HCOgplrdbaPV/ew==}
    engines: {node: '>=14.14'}

  fsevents@2.3.3:
    resolution: {integrity: sha512-5xoDfX+fL7faATnagmWPpbFtwh/R77WmMMqqHGS65C3vvB0YHrgF+B1YmZ3441tMj5n63k0212XNoJwzlhffQw==}
    engines: {node: ^8.16.0 || ^10.6.0 || >=11.0.0}
    os: [darwin]

  function-bind@1.1.2:
    resolution: {integrity: sha512-7XHNxH7qX9xG5mIwxkhumTox/MIRNcOgDrxWsMt2pAr23WHp6MrRlN7FBSFpCpr+oVO0F744iUgR82nJMfG2SA==}

  get-caller-file@2.0.5:
    resolution: {integrity: sha512-DyFP3BM/3YHTQOCUL/w0OZHR0lpKeGrxotcHWcqNEdnltqFwXVfhEBQ94eIo34AfQpo0rGki4cyIiftY06h2Fg==}
    engines: {node: 6.* || 8.* || >= 10.*}

  glob-parent@5.1.2:
    resolution: {integrity: sha512-AOIgSQCepiJYwP3ARnGx+5VnTu2HBYdzbGP45eLw1vr3zB3vZLeyed1sC9hnbcOc9/SrMyM5RPQrkGz4aS9Zow==}
    engines: {node: '>= 6'}

  glob@11.0.3:
    resolution: {integrity: sha512-2Nim7dha1KVkaiF4q6Dj+ngPPMdfvLJEOpZk/jKiUAkqKebpGAWQXAq9z1xu9HKu5lWfqw/FASuccEjyznjPaA==}
    engines: {node: 20 || >=22}
    hasBin: true

  graceful-fs@4.2.11:
    resolution: {integrity: sha512-RbJ5/jmFcNNCcDV5o9eTnBLJ/HszWV0P73bc+Ff4nS/rJj+YaS6IGyiOL0VoBYX+l1Wrl3k63h/KrH+nhJ0XvQ==}

  hasown@2.0.2:
    resolution: {integrity: sha512-0hJU9SCPvmMzIBdZFqNPXWa6dqh7WdH0cII9y+CyS8rG3nL48Bclra9HmKhVVUHyPWNH5Y7xDwAB7bfgSjkUMQ==}
    engines: {node: '>= 0.4'}

  is-binary-path@2.1.0:
    resolution: {integrity: sha512-ZMERYes6pDydyuGidse7OsHxtbI7WVeUEozgR/g7rd0xUimYNlvZRE/K2MgZTjWy725IfelLeVcEM97mmtRGXw==}
    engines: {node: '>=8'}

  is-core-module@2.16.1:
    resolution: {integrity: sha512-UfoeMA6fIJ8wTYFEUjelnaGI67v6+N7qXJEvQuIGa99l4xsCruSYOVSQ0uPANn4dAzm8lkYPaKLrrijLq7x23w==}
    engines: {node: '>= 0.4'}

  is-extglob@2.1.1:
    resolution: {integrity: sha512-SbKbANkN603Vi4jEZv49LeVJMn4yGwsbzZworEoyEiutsN3nJYdbO36zfhGJ6QEDpOZIFkDtnq5JRxmvl3jsoQ==}
    engines: {node: '>=0.10.0'}

  is-fullwidth-code-point@3.0.0:
    resolution: {integrity: sha512-zymm5+u+sCsSWyD9qNaejV3DFvhCKclKdizYaJUuHA83RLjb7nSuGnddCHGv0hk+KY7BMAlsWeK4Ueg6EV6XQg==}
    engines: {node: '>=8'}

  is-glob@4.0.3:
    resolution: {integrity: sha512-xelSayHH36ZgE7ZWhli7pW34hNbNl8Ojv5KVmkJD4hBdD3th8Tfk9vYasLM+mXWOZhFkgZfxhLSnrwRr4elSSg==}
    engines: {node: '>=0.10.0'}

  is-number@7.0.0:
    resolution: {integrity: sha512-41Cifkg6e8TylSpdtTpeLVMqvSBEVzTttHvERD741+pnZ8ANv0004MRL43QKPDlK9cGvNp6NZWZUBlbGXYxxng==}
    engines: {node: '>=0.12.0'}

  isexe@2.0.0:
    resolution: {integrity: sha512-RHxMLp9lnKHGHRng9QFhRCMbYAcVpn69smSGcq3f36xjgVVWThj4qqLbTLlq7Ssj8B+fIQ1EuCEGI2lKsyQeIw==}

  jackspeak@4.1.1:
    resolution: {integrity: sha512-zptv57P3GpL+O0I7VdMJNBZCu+BPHVQUk55Ft8/QCJjTVxrnJHuVuX/0Bl2A6/+2oyR/ZMEuFKwmzqqZ/U5nPQ==}
    engines: {node: 20 || >=22}

  jsonfile@6.1.0:
    resolution: {integrity: sha512-5dgndWOriYSm5cnYaJNhalLNDKOqFwyDB/rr1E9ZsGciGvKPs8R2xYGCacuf3z6K1YKDz182fd+fY3cn3pMqXQ==}

  lilconfig@3.1.3:
    resolution: {integrity: sha512-/vlFKAoH5Cgt3Ie+JLhRbwOsCQePABiU3tJ1egGvyQ+33R/vcwM2Zl2QR/LzjsBeItPt3oSVXapn+m4nQDvpzw==}
    engines: {node: '>=14'}

  lodash.memoize@4.1.2:
    resolution: {integrity: sha512-t7j+NzmgnQzTAYXcsHYLgimltOV1MXHtlOWf6GjL9Kj8GK5FInw5JotxvbOs+IvV1/Dzo04/fCGfLVs7aXb4Ag==}

  lodash.uniq@4.5.0:
    resolution: {integrity: sha512-xfBaXQd9ryd9dlSDvnvI0lvxfLJlYAZzXomUYzLKtUeOQvOP5piqAWuGtrhWeqaXK9hhoM/iyJc5AV+XfsX3HQ==}

  lru-cache@11.1.0:
    resolution: {integrity: sha512-QIXZUBJUx+2zHUdQujWejBkcD9+cs94tLn0+YL8UrCh+D5sCXZ4c7LaEH48pNwRY3MLDgqUFyhlCyjJPf1WP0A==}
    engines: {node: 20 || >=22}

  mdn-data@2.0.28:
    resolution: {integrity: sha512-aylIc7Z9y4yzHYAJNuESG3hfhC+0Ibp/MAMiaOZgNv4pmEdFyfZhhhny4MNiAfWdBQ1RQ2mfDWmM1x8SvGyp8g==}

  mdn-data@2.12.2:
    resolution: {integrity: sha512-IEn+pegP1aManZuckezWCO+XZQDplx1366JoVhTpMpBB1sPey/SbveZQUosKiKiGYjg1wH4pMlNgXbCiYgihQA==}

  minimatch@10.0.3:
    resolution: {integrity: sha512-IPZ167aShDZZUMdRk66cyQAW3qr0WzbHkPdMYa8bzZhlHhO3jALbKdxcaak7W9FfT2rZNpQuUu4Od7ILEpXSaw==}
    engines: {node: 20 || >=22}

  minipass@7.1.2:
    resolution: {integrity: sha512-qOOzS1cBTWYF4BH8fVePDBOO9iptMnGUEZwNc/cMWnTV2nVLZ7VoNWEPHkYczZA0pdoA7dl6e7FL659nX9S2aw==}
    engines: {node: '>=16 || 14 >=14.17'}

  nanoid@3.3.11:
    resolution: {integrity: sha512-N8SpfPUnUp1bK+PMYW8qSWdl9U+wwNWI4QKxOYDy9JAro3WMX7p2OeVRF9v+347pnakNevPmiHhNmZ2HbFA76w==}
    engines: {node: ^10 || ^12 || ^13.7 || ^14 || >=15.0.1}
    hasBin: true

  node-releases@2.0.19:
    resolution: {integrity: sha512-xxOWJsBKtzAq7DY0J+DTzuz58K8e7sJbdgwkbMWQe8UYB6ekmsQ45q0M/tJDsGaZmbC+l7n57UV8Hl5tHxO9uw==}

  normalize-path@3.0.0:
    resolution: {integrity: sha512-6eZs5Ls3WtCisHWp9S2GUy8dqkpGi4BVSz3GaqiE6ezub0512ESztXUwUB6C6IKbQkY2Pnb/mD4WYojCRwcwLA==}
    engines: {node: '>=0.10.0'}

  normalize-range@0.1.2:
    resolution: {integrity: sha512-bdok/XvKII3nUpklnV6P2hxtMNrCboOjAcyBuQnWEhO665FwrSNRxU+AqpsyvO6LgGYPspN+lu5CLtw4jPRKNA==}
    engines: {node: '>=0.10.0'}

  nth-check@2.1.1:
    resolution: {integrity: sha512-lqjrjmaOoAnWfMmBPL+XNnynZh2+swxiX3WUE0s4yEHI6m+AwrK2UZOimIRl3X/4QctVqS8AiZjFqyOGrMXb/w==}

  package-json-from-dist@1.0.1:
    resolution: {integrity: sha512-UEZIS3/by4OC8vL3P2dTXRETpebLI2NiI5vIrjaD/5UtrkFX/tNbwjTSRAGC/+7CAo2pIcBaRgWmcBBHcsaCIw==}

  path-key@3.1.1:
    resolution: {integrity: sha512-ojmeN0qd+y0jszEtoY48r0Peq5dwMEkIlCOu6Q5f41lfkswXuKtYrhgoTpLnyIcHm24Uhqx+5Tqm2InSwLhE6Q==}
    engines: {node: '>=8'}

  path-parse@1.0.7:
    resolution: {integrity: sha512-LDJzPVEEEPR+y48z93A0Ed0yXb8pAByGWo/k5YYdYgpY2/2EsOsksJrq7lOHxryrVOn1ejG6oAp8ahvOIQD8sw==}

  path-scurry@2.0.0:
    resolution: {integrity: sha512-ypGJsmGtdXUOeM5u93TyeIEfEhM6s+ljAhrk5vAvSx8uyY/02OvrZnA0YNGUrPXfpJMgI1ODd3nwz8Npx4O4cg==}
    engines: {node: 20 || >=22}

  picocolors@1.1.1:
    resolution: {integrity: sha512-xceH2snhtb5M9liqDsmEw56le376mTZkEX/jEb/RxNFyegNul7eNslCXP9FDj/Lcu0X8KEyMceP2ntpaHrDEVA==}

  picomatch@2.3.1:
    resolution: {integrity: sha512-JU3teHTNjmE2VCGFzuY8EXzCDVwEqB2a8fsIvwaStHhAWJEeVd1o1QD80CU6+ZdEXXSLbSsuLwJjkCBWqRQUVA==}
    engines: {node: '>=8.6'}

  picomatch@4.0.3:
    resolution: {integrity: sha512-5gTmgEY/sqK6gFXLIsQNH19lWb4ebPDLA4SdLP7dsWkIXHWlG66oPuVvXSGFPppYZz8ZDZq0dYYrbHfBCVUb1Q==}
    engines: {node: '>=12'}

  pify@2.3.0:
    resolution: {integrity: sha512-udgsAY+fTnvv7kI7aaxbqwWNb0AHiB0qBO89PZKPkoTmGOgdbrHDKD+0B2X4uTfJ/FT1R09r9gTsjUjNJotuog==}
    engines: {node: '>=0.10.0'}

  postcss-calc@10.1.1:
    resolution: {integrity: sha512-NYEsLHh8DgG/PRH2+G9BTuUdtf9ViS+vdoQ0YA5OQdGsfN4ztiwtDWNtBl9EKeqNMFnIu8IKZ0cLxEQ5r5KVMw==}
    engines: {node: ^18.12 || ^20.9 || >=22.0}
    peerDependencies:
      postcss: ^8.4.38

  postcss-cli@11.0.1:
    resolution: {integrity: sha512-0UnkNPSayHKRe/tc2YGW6XnSqqOA9eqpiRMgRlV1S6HdGi16vwJBx7lviARzbV1HpQHqLLRH3o8vTcB0cLc+5g==}
    engines: {node: '>=18'}
    hasBin: true
    peerDependencies:
      postcss: ^8.0.0

  postcss-colormin@7.0.4:
    resolution: {integrity: sha512-ziQuVzQZBROpKpfeDwmrG+Vvlr0YWmY/ZAk99XD+mGEBuEojoFekL41NCsdhyNUtZI7DPOoIWIR7vQQK9xwluw==}
    engines: {node: ^18.12.0 || ^20.9.0 || >=22.0}
    peerDependencies:
      postcss: ^8.4.32

  postcss-convert-values@7.0.6:
    resolution: {integrity: sha512-MD/eb39Mr60hvgrqpXsgbiqluawYg/8K4nKsqRsuDX9f+xN1j6awZCUv/5tLH8ak3vYp/EMXwdcnXvfZYiejCQ==}
    engines: {node: ^18.12.0 || ^20.9.0 || >=22.0}
    peerDependencies:
      postcss: ^8.4.32

  postcss-discard-comments@7.0.4:
    resolution: {integrity: sha512-6tCUoql/ipWwKtVP/xYiFf1U9QgJ0PUvxN7pTcsQ8Ns3Fnwq1pU5D5s1MhT/XySeLq6GXNvn37U46Ded0TckWg==}
    engines: {node: ^18.12.0 || ^20.9.0 || >=22.0}
    peerDependencies:
      postcss: ^8.4.32

  postcss-discard-duplicates@7.0.2:
    resolution: {integrity: sha512-eTonaQvPZ/3i1ASDHOKkYwAybiM45zFIc7KXils4mQmHLqIswXD9XNOKEVxtTFnsmwYzF66u4LMgSr0abDlh5w==}
    engines: {node: ^18.12.0 || ^20.9.0 || >=22.0}
    peerDependencies:
      postcss: ^8.4.32

  postcss-discard-empty@7.0.1:
    resolution: {integrity: sha512-cFrJKZvcg/uxB6Ijr4l6qmn3pXQBna9zyrPC+sK0zjbkDUZew+6xDltSF7OeB7rAtzaaMVYSdbod+sZOCWnMOg==}
    engines: {node: ^18.12.0 || ^20.9.0 || >=22.0}
    peerDependencies:
      postcss: ^8.4.32

  postcss-discard-overridden@7.0.1:
    resolution: {integrity: sha512-7c3MMjjSZ/qYrx3uc1940GSOzN1Iqjtlqe8uoSg+qdVPYyRb0TILSqqmtlSFuE4mTDECwsm397Ya7iXGzfF7lg==}
    engines: {node: ^18.12.0 || ^20.9.0 || >=22.0}
    peerDependencies:
      postcss: ^8.4.32

  postcss-import@16.1.1:
    resolution: {integrity: sha512-2xVS1NCZAfjtVdvXiyegxzJ447GyqCeEI5V7ApgQVOWnros1p5lGNovJNapwPpMombyFBfqDwt7AD3n2l0KOfQ==}
    engines: {node: '>=18.0.0'}
    peerDependencies:
      postcss: ^8.0.0

  postcss-load-config@5.1.0:
    resolution: {integrity: sha512-G5AJ+IX0aD0dygOE0yFZQ/huFFMSNneyfp0e3/bT05a8OfPC5FUoZRPfGijUdGOJNMewJiwzcHJXFafFzeKFVA==}
    engines: {node: '>= 18'}
    peerDependencies:
      jiti: '>=1.21.0'
      postcss: '>=8.0.9'
      tsx: ^4.8.1
    peerDependenciesMeta:
      jiti:
        optional: true
      postcss:
        optional: true
      tsx:
        optional: true

  postcss-merge-longhand@7.0.5:
    resolution: {integrity: sha512-Kpu5v4Ys6QI59FxmxtNB/iHUVDn9Y9sYw66D6+SZoIk4QTz1prC4aYkhIESu+ieG1iylod1f8MILMs1Em3mmIw==}
    engines: {node: ^18.12.0 || ^20.9.0 || >=22.0}
    peerDependencies:
      postcss: ^8.4.32

  postcss-merge-rules@7.0.6:
    resolution: {integrity: sha512-2jIPT4Tzs8K87tvgCpSukRQ2jjd+hH6Bb8rEEOUDmmhOeTcqDg5fEFK8uKIu+Pvc3//sm3Uu6FRqfyv7YF7+BQ==}
    engines: {node: ^18.12.0 || ^20.9.0 || >=22.0}
    peerDependencies:
      postcss: ^8.4.32

  postcss-minify-font-values@7.0.1:
    resolution: {integrity: sha512-2m1uiuJeTplll+tq4ENOQSzB8LRnSUChBv7oSyFLsJRtUgAAJGP6LLz0/8lkinTgxrmJSPOEhgY1bMXOQ4ZXhQ==}
    engines: {node: ^18.12.0 || ^20.9.0 || >=22.0}
    peerDependencies:
      postcss: ^8.4.32

  postcss-minify-gradients@7.0.1:
    resolution: {integrity: sha512-X9JjaysZJwlqNkJbUDgOclyG3jZEpAMOfof6PUZjPnPrePnPG62pS17CjdM32uT1Uq1jFvNSff9l7kNbmMSL2A==}
    engines: {node: ^18.12.0 || ^20.9.0 || >=22.0}
    peerDependencies:
      postcss: ^8.4.32

  postcss-minify-params@7.0.4:
    resolution: {integrity: sha512-3OqqUddfH8c2e7M35W6zIwv7jssM/3miF9cbCSb1iJiWvtguQjlxZGIHK9JRmc8XAKmE2PFGtHSM7g/VcW97sw==}
    engines: {node: ^18.12.0 || ^20.9.0 || >=22.0}
    peerDependencies:
      postcss: ^8.4.32

  postcss-minify-selectors@7.0.5:
    resolution: {integrity: sha512-x2/IvofHcdIrAm9Q+p06ZD1h6FPcQ32WtCRVodJLDR+WMn8EVHI1kvLxZuGKz/9EY5nAmI6lIQIrpo4tBy5+ug==}
    engines: {node: ^18.12.0 || ^20.9.0 || >=22.0}
    peerDependencies:
      postcss: ^8.4.32

  postcss-nesting@13.0.2:
    resolution: {integrity: sha512-1YCI290TX+VP0U/K/aFxzHzQWHWURL+CtHMSbex1lCdpXD1SoR2sYuxDu5aNI9lPoXpKTCggFZiDJbwylU0LEQ==}
    engines: {node: '>=18'}
    peerDependencies:
      postcss: ^8.4

  postcss-normalize-charset@7.0.1:
    resolution: {integrity: sha512-sn413ofhSQHlZFae//m9FTOfkmiZ+YQXsbosqOWRiVQncU2BA3daX3n0VF3cG6rGLSFVc5Di/yns0dFfh8NFgQ==}
    engines: {node: ^18.12.0 || ^20.9.0 || >=22.0}
    peerDependencies:
      postcss: ^8.4.32

  postcss-normalize-display-values@7.0.1:
    resolution: {integrity: sha512-E5nnB26XjSYz/mGITm6JgiDpAbVuAkzXwLzRZtts19jHDUBFxZ0BkXAehy0uimrOjYJbocby4FVswA/5noOxrQ==}
    engines: {node: ^18.12.0 || ^20.9.0 || >=22.0}
    peerDependencies:
      postcss: ^8.4.32

  postcss-normalize-positions@7.0.1:
    resolution: {integrity: sha512-pB/SzrIP2l50ZIYu+yQZyMNmnAcwyYb9R1fVWPRxm4zcUFCY2ign7rcntGFuMXDdd9L2pPNUgoODDk91PzRZuQ==}
    engines: {node: ^18.12.0 || ^20.9.0 || >=22.0}
    peerDependencies:
      postcss: ^8.4.32

  postcss-normalize-repeat-style@7.0.1:
    resolution: {integrity: sha512-NsSQJ8zj8TIDiF0ig44Byo3Jk9e4gNt9x2VIlJudnQQ5DhWAHJPF4Tr1ITwyHio2BUi/I6Iv0HRO7beHYOloYQ==}
    engines: {node: ^18.12.0 || ^20.9.0 || >=22.0}
    peerDependencies:
      postcss: ^8.4.32

  postcss-normalize-string@7.0.1:
    resolution: {integrity: sha512-QByrI7hAhsoze992kpbMlJSbZ8FuCEc1OT9EFbZ6HldXNpsdpZr+YXC5di3UEv0+jeZlHbZcoCADgb7a+lPmmQ==}
    engines: {node: ^18.12.0 || ^20.9.0 || >=22.0}
    peerDependencies:
      postcss: ^8.4.32

  postcss-normalize-timing-functions@7.0.1:
    resolution: {integrity: sha512-bHifyuuSNdKKsnNJ0s8fmfLMlvsQwYVxIoUBnowIVl2ZAdrkYQNGVB4RxjfpvkMjipqvbz0u7feBZybkl/6NJg==}
    engines: {node: ^18.12.0 || ^20.9.0 || >=22.0}
    peerDependencies:
      postcss: ^8.4.32

  postcss-normalize-unicode@7.0.4:
    resolution: {integrity: sha512-LvIURTi1sQoZqj8mEIE8R15yvM+OhbR1avynMtI9bUzj5gGKR/gfZFd8O7VMj0QgJaIFzxDwxGl/ASMYAkqO8g==}
    engines: {node: ^18.12.0 || ^20.9.0 || >=22.0}
    peerDependencies:
      postcss: ^8.4.32

  postcss-normalize-url@7.0.1:
    resolution: {integrity: sha512-sUcD2cWtyK1AOL/82Fwy1aIVm/wwj5SdZkgZ3QiUzSzQQofrbq15jWJ3BA7Z+yVRwamCjJgZJN0I9IS7c6tgeQ==}
    engines: {node: ^18.12.0 || ^20.9.0 || >=22.0}
    peerDependencies:
      postcss: ^8.4.32

  postcss-normalize-whitespace@7.0.1:
    resolution: {integrity: sha512-vsbgFHMFQrJBJKrUFJNZ2pgBeBkC2IvvoHjz1to0/0Xk7sII24T0qFOiJzG6Fu3zJoq/0yI4rKWi7WhApW+EFA==}
    engines: {node: ^18.12.0 || ^20.9.0 || >=22.0}
    peerDependencies:
      postcss: ^8.4.32

  postcss-ordered-values@7.0.2:
    resolution: {integrity: sha512-AMJjt1ECBffF7CEON/Y0rekRLS6KsePU6PRP08UqYW4UGFRnTXNrByUzYK1h8AC7UWTZdQ9O3Oq9kFIhm0SFEw==}
    engines: {node: ^18.12.0 || ^20.9.0 || >=22.0}
    peerDependencies:
      postcss: ^8.4.32

  postcss-reduce-initial@7.0.4:
    resolution: {integrity: sha512-rdIC9IlMBn7zJo6puim58Xd++0HdbvHeHaPgXsimMfG1ijC5A9ULvNLSE0rUKVJOvNMcwewW4Ga21ngyJjY/+Q==}
    engines: {node: ^18.12.0 || ^20.9.0 || >=22.0}
    peerDependencies:
      postcss: ^8.4.32

  postcss-reduce-transforms@7.0.1:
    resolution: {integrity: sha512-MhyEbfrm+Mlp/36hvZ9mT9DaO7dbncU0CvWI8V93LRkY6IYlu38OPg3FObnuKTUxJ4qA8HpurdQOo5CyqqO76g==}
    engines: {node: ^18.12.0 || ^20.9.0 || >=22.0}
    peerDependencies:
      postcss: ^8.4.32

  postcss-reporter@7.1.0:
    resolution: {integrity: sha512-/eoEylGWyy6/DOiMP5lmFRdmDKThqgn7D6hP2dXKJI/0rJSO1ADFNngZfDzxL0YAxFvws+Rtpuji1YIHj4mySA==}
    engines: {node: '>=10'}
    peerDependencies:
      postcss: ^8.1.0

  postcss-selector-parser@7.1.0:
    resolution: {integrity: sha512-8sLjZwK0R+JlxlYcTuVnyT2v+htpdrjDOKuMcOVdYjt52Lh8hWRYpxBPoKx/Zg+bcjc3wx6fmQevMmUztS/ccA==}
    engines: {node: '>=4'}

  postcss-svgo@7.1.0:
    resolution: {integrity: sha512-KnAlfmhtoLz6IuU3Sij2ycusNs4jPW+QoFE5kuuUOK8awR6tMxZQrs5Ey3BUz7nFCzT3eqyFgqkyrHiaU2xx3w==}
    engines: {node: ^18.12.0 || ^20.9.0 || >= 18}
    peerDependencies:
      postcss: ^8.4.32

  postcss-unique-selectors@7.0.4:
    resolution: {integrity: sha512-pmlZjsmEAG7cHd7uK3ZiNSW6otSZ13RHuZ/4cDN/bVglS5EpF2r2oxY99SuOHa8m7AWoBCelTS3JPpzsIs8skQ==}
    engines: {node: ^18.12.0 || ^20.9.0 || >=22.0}
    peerDependencies:
      postcss: ^8.4.32

  postcss-value-parser@4.2.0:
    resolution: {integrity: sha512-1NNCs6uurfkVbeXG4S8JFT9t19m45ICnif8zWLd5oPSZ50QnwMfK+H3jv408d4jw/7Bttv5axS5IiHoLaVNHeQ==}

  postcss@8.5.6:
    resolution: {integrity: sha512-3Ybi1tAuwAP9s0r1UQ2J4n5Y0G05bJkpUIO0/bI9MhwmD70S5aTWbXGBwxHrelT+XM1k6dM0pk+SwNkpTRN7Pg==}
    engines: {node: ^10 || ^12 || >=14}

  pretty-hrtime@1.0.3:
    resolution: {integrity: sha512-66hKPCr+72mlfiSjlEB1+45IjXSqvVAIy6mocupoww4tBFE9R9IhwwUGoI4G++Tc9Aq+2rxOt0RFU6gPcrte0A==}
    engines: {node: '>= 0.8'}

  read-cache@1.0.0:
    resolution: {integrity: sha512-Owdv/Ft7IjOgm/i0xvNDZ1LrRANRfew4b2prF3OWMQLxLfu3bS8FVhCsrSCMK4lR56Y9ya+AThoTpDCTxCmpRA==}

  readdirp@3.6.0:
    resolution: {integrity: sha512-hOS089on8RduqdbhvQ5Z37A0ESjsqz6qnRcffsMU3495FuTdqSm+7bhJ29JvIOsBDEEnan5DPu9t3To9VRlMzA==}
    engines: {node: '>=8.10.0'}

  require-directory@2.1.1:
    resolution: {integrity: sha512-fGxEI7+wsG9xrvdjsrlmL22OMTTiHRwAMroiEeMgq8gzoLC/PQr7RsRDSTLUg/bZAZtF+TVIkHc6/4RIKrui+Q==}
    engines: {node: '>=0.10.0'}

  resolve@1.22.10:
    resolution: {integrity: sha512-NPRy+/ncIMeDlTAsuqwKIiferiawhefFJtkNSW0qZJEqMEb+qBt/77B/jGeeek+F0uOeN05CDa6HXbbIgtVX4w==}
    engines: {node: '>= 0.4'}
    hasBin: true

  rimraf@6.0.1:
    resolution: {integrity: sha512-9dkvaxAsk/xNXSJzMgFqqMCuFgt2+KsOFek3TMLfo8NCPfWpBmqwyNn5Y+NX56QUYfCtsyhF3ayiboEoUmJk/A==}
    engines: {node: 20 || >=22}
    hasBin: true

  sax@1.4.1:
    resolution: {integrity: sha512-+aWOz7yVScEGoKNd4PA10LZ8sk0A/z5+nXQG5giUO5rprX9jgYsTdov9qCchZiPIZezbZH+jRut8nPodFAX4Jg==}

  shebang-command@2.0.0:
    resolution: {integrity: sha512-kHxr2zZpYtdmrN1qDjrrX/Z1rR1kG8Dx+gkpK1G4eXmvXswmcE1hTWBWYUzlraYw1/yZp6YuDY77YtvbN0dmDA==}
    engines: {node: '>=8'}

  shebang-regex@3.0.0:
    resolution: {integrity: sha512-7++dFhtcx3353uBaq8DDR4NuxBetBzC7ZQOhmTQInHEd6bSrXdiEyzCvG07Z44UYdLShWUyXt5M/yhz8ekcb1A==}
    engines: {node: '>=8'}

  signal-exit@4.1.0:
    resolution: {integrity: sha512-bzyZ1e88w9O1iNJbKnOlvYTrWPDl46O1bG0D3XInv+9tkPrxrN8jUUTiFlDkkmKWgn1M6CfIA13SuGqOa9Korw==}
    engines: {node: '>=14'}

  slash@5.1.0:
    resolution: {integrity: sha512-ZA6oR3T/pEyuqwMgAKT0/hAv8oAXckzbkmR0UkUosQ+Mc4RxGoJkRmwHgHufaenlyAgE1Mxgpdcrf75y6XcnDg==}
    engines: {node: '>=14.16'}

  source-map-js@1.2.1:
    resolution: {integrity: sha512-UXWMKhLOwVKb728IUtQPXxfYU+usdybtUrK/8uGE8CQMvrhOpwvzDBwj0QhSL7MQc7vIsISBG8VQ8+IDQxpfQA==}
    engines: {node: '>=0.10.0'}

  string-width@4.2.3:
    resolution: {integrity: sha512-wKyQRQpjJ0sIp62ErSZdGsjMJWsap5oRNihHhu6G7JVO/9jIB6UyevL+tXuOqrng8j/cxKTWyWUwvSTriiZz/g==}
    engines: {node: '>=8'}

  string-width@5.1.2:
    resolution: {integrity: sha512-HnLOCR3vjcY8beoNLtcjZ5/nxn2afmME6lhrDrebokqMap+XbeW8n9TXpPDOqdGK5qcI3oT0GKTW6wC7EMiVqA==}
    engines: {node: '>=12'}

  strip-ansi@6.0.1:
    resolution: {integrity: sha512-Y38VPSHcqkFrCpFnQ9vuSXmquuv5oXOKpGeT6aGrr3o3Gc9AlVa6JBfUSOCnbxGGZF+/0ooI7KrPuUSztUdU5A==}
    engines: {node: '>=8'}

  strip-ansi@7.1.0:
    resolution: {integrity: sha512-iq6eVVI64nQQTRYq2KtEg2d2uU7LElhTJwsH4YzIHZshxlgZms/wIc4VoDQTlG/IvVIrBKG06CrZnp0qv7hkcQ==}
    engines: {node: '>=12'}

  stylehacks@7.0.6:
    resolution: {integrity: sha512-iitguKivmsueOmTO0wmxURXBP8uqOO+zikLGZ7Mm9e/94R4w5T999Js2taS/KBOnQ/wdC3jN3vNSrkGDrlnqQg==}
    engines: {node: ^18.12.0 || ^20.9.0 || >=22.0}
    peerDependencies:
      postcss: ^8.4.32

  supports-preserve-symlinks-flag@1.0.0:
    resolution: {integrity: sha512-ot0WnXS9fgdkgIcePe6RHNk1WA8+muPa6cSjeR3V8K27q9BB1rTE3R1p7Hv0z1ZyAc8s6Vvv8DIyWf681MAt0w==}
    engines: {node: '>= 0.4'}

  svgo@4.0.0:
    resolution: {integrity: sha512-VvrHQ+9uniE+Mvx3+C9IEe/lWasXCU0nXMY2kZeLrHNICuRiC8uMPyM14UEaMOFA5mhyQqEkB02VoQ16n3DLaw==}
    engines: {node: '>=16'}
    hasBin: true

  thenby@1.3.4:
    resolution: {integrity: sha512-89Gi5raiWA3QZ4b2ePcEwswC3me9JIg+ToSgtE0JWeCynLnLxNr/f9G+xfo9K+Oj4AFdom8YNJjibIARTJmapQ==}

  tinyglobby@0.2.14:
    resolution: {integrity: sha512-tX5e7OM1HnYr2+a2C/4V0htOcSQcoSTH9KgJnVvNm5zm/cyEWKJ7j7YutsH9CxMdtOkkLFy2AHrMci9IM8IPZQ==}
    engines: {node: '>=12.0.0'}

  to-regex-range@5.0.1:
    resolution: {integrity: sha512-65P7iz6X5yEr1cwcgvQxbbIw7Uk3gOy5dIdtZ4rDveLqhrdJP+Li/Hx6tyK0NEb+2GCyneCMJiGqrADCSNk8sQ==}
    engines: {node: '>=8.0'}

  universalify@2.0.1:
    resolution: {integrity: sha512-gptHNQghINnc/vTGIk0SOFGFNXw7JVrlRUtConJRlvaw6DuX0wO5Jeko9sWrMBhh+PsYAZ7oXAiOnf/UKogyiw==}
    engines: {node: '>= 10.0.0'}

  update-browserslist-db@1.1.3:
    resolution: {integrity: sha512-UxhIZQ+QInVdunkDAaiazvvT/+fXL5Osr0JZlJulepYu6Jd7qJtDZjlur0emRlT71EN3ScPoE7gvsuIKKNavKw==}
    hasBin: true
    peerDependencies:
      browserslist: '>= 4.21.0'

  util-deprecate@1.0.2:
    resolution: {integrity: sha512-EPD5q1uXyFxJpCrLnCc1nHnq3gOa6DZBocAIiI2TaSCA7VCJ1UJDMagCzIkXNsUYfD1daK//LTEQ8xiIbrHtcw==}

  which@2.0.2:
    resolution: {integrity: sha512-BLI3Tl1TW3Pvl70l3yq3Y64i+awpwXqsGBYWkkqMtnbXgrMD+yj7rhW0kuEDxzJaYXGjEW5ogapKNMEKNMjibA==}
    engines: {node: '>= 8'}
    hasBin: true

  wrap-ansi@7.0.0:
    resolution: {integrity: sha512-YVGIj2kamLSTxw6NsZjoBxfSwsn0ycdesmc4p+Q21c5zPuZ1pl+NfxVdxPtdHvmNVOQ6XSYG4AUtyt/Fi7D16Q==}
    engines: {node: '>=10'}

  wrap-ansi@8.1.0:
    resolution: {integrity: sha512-si7QWI6zUMq56bESFvagtmzMdGOtoxfR+Sez11Mobfc7tm+VkUckk9bW2UeffTGVUbOksxmSw0AA2gs8g71NCQ==}
    engines: {node: '>=12'}

  y18n@5.0.8:
    resolution: {integrity: sha512-0pfFzegeDWJHJIAmTLRP2DwHjdF5s7jo9tuztdQxAhINCdvS+3nGINqPd00AphqJR/0LhANUS6/+7SCb98YOfA==}
    engines: {node: '>=10'}

  yaml@2.8.0:
    resolution: {integrity: sha512-4lLa/EcQCB0cJkyts+FpIRx5G/llPxfP6VQU5KByHEhLxY3IJCH0f0Hy1MHI8sClTvsIb8qwRJ6R/ZdlDJ/leQ==}
    engines: {node: '>= 14.6'}
    hasBin: true

  yargs-parser@21.1.1:
    resolution: {integrity: sha512-tVpsJW7DdjecAiFpbIB1e3qxIQsE6NoPc5/eTdrbbIC4h0LVsWhnoa3g+m2HclBIujHzsxZ4VJVA+GUuc2/LBw==}
    engines: {node: '>=12'}

  yargs@17.7.2:
    resolution: {integrity: sha512-7dSzzRQ++CKnNI/krKnYRV7JKKPUXMEh61soaHKg9mrWEhzFWhFnxPxGl+69cD1Ou63C13NUPCnmIcrvqCuM6w==}
    engines: {node: '>=12'}

snapshots:

  '@csstools/selector-resolve-nested@3.1.0(postcss-selector-parser@7.1.0)':
    dependencies:
      postcss-selector-parser: 7.1.0

  '@csstools/selector-specificity@5.0.0(postcss-selector-parser@7.1.0)':
    dependencies:
      postcss-selector-parser: 7.1.0

  '@isaacs/balanced-match@4.0.1': {}

  '@isaacs/brace-expansion@5.0.0':
    dependencies:
      '@isaacs/balanced-match': 4.0.1

  '@isaacs/cliui@8.0.2':
    dependencies:
      string-width: 5.1.2
      string-width-cjs: string-width@4.2.3
      strip-ansi: 7.1.0
      strip-ansi-cjs: strip-ansi@6.0.1
      wrap-ansi: 8.1.0
      wrap-ansi-cjs: wrap-ansi@7.0.0

  ansi-regex@5.0.1: {}

  ansi-regex@6.1.0: {}

  ansi-styles@4.3.0:
    dependencies:
      color-convert: 2.0.1

  ansi-styles@6.2.1: {}

  anymatch@3.1.3:
    dependencies:
      normalize-path: 3.0.0
      picomatch: 2.3.1

  autoprefixer@10.4.21(postcss@8.5.6):
    dependencies:
      browserslist: 4.25.1
      caniuse-lite: 1.0.30001727
      fraction.js: 4.3.7
      normalize-range: 0.1.2
      picocolors: 1.1.1
      postcss: 8.5.6
      postcss-value-parser: 4.2.0

  binary-extensions@2.3.0: {}

  boolbase@1.0.0: {}

  braces@3.0.3:
    dependencies:
      fill-range: 7.1.1

  browserslist@4.25.1:
    dependencies:
      caniuse-lite: 1.0.30001727
      electron-to-chromium: 1.5.185
      node-releases: 2.0.19
      update-browserslist-db: 1.1.3(browserslist@4.25.1)

  caniuse-api@3.0.0:
    dependencies:
      browserslist: 4.25.1
      caniuse-lite: 1.0.30001727
      lodash.memoize: 4.1.2
      lodash.uniq: 4.5.0

  caniuse-lite@1.0.30001727: {}

  chokidar@3.6.0:
    dependencies:
      anymatch: 3.1.3
      braces: 3.0.3
      glob-parent: 5.1.2
      is-binary-path: 2.1.0
      is-glob: 4.0.3
      normalize-path: 3.0.0
      readdirp: 3.6.0
    optionalDependencies:
      fsevents: 2.3.3

  cliui@8.0.1:
    dependencies:
      string-width: 4.2.3
      strip-ansi: 6.0.1
      wrap-ansi: 7.0.0

  color-convert@2.0.1:
    dependencies:
      color-name: 1.1.4

  color-name@1.1.4: {}

  colord@2.9.3: {}

  commander@11.1.0: {}

  cross-spawn@7.0.6:
    dependencies:
      path-key: 3.1.1
      shebang-command: 2.0.0
      which: 2.0.2

  css-declaration-sorter@7.2.0(postcss@8.5.6):
    dependencies:
      postcss: 8.5.6

  css-select@5.2.2:
    dependencies:
      boolbase: 1.0.0
      css-what: 6.2.2
      domhandler: 5.0.3
      domutils: 3.2.2
      nth-check: 2.1.1

  css-tree@2.2.1:
    dependencies:
      mdn-data: 2.0.28
      source-map-js: 1.2.1

  css-tree@3.1.0:
    dependencies:
      mdn-data: 2.12.2
      source-map-js: 1.2.1

  css-what@6.2.2: {}

  cssesc@3.0.0: {}

  cssnano-preset-default@7.0.8(postcss@8.5.6):
    dependencies:
      browserslist: 4.25.1
      css-declaration-sorter: 7.2.0(postcss@8.5.6)
      cssnano-utils: 5.0.1(postcss@8.5.6)
      postcss: 8.5.6
      postcss-calc: 10.1.1(postcss@8.5.6)
      postcss-colormin: 7.0.4(postcss@8.5.6)
      postcss-convert-values: 7.0.6(postcss@8.5.6)
      postcss-discard-comments: 7.0.4(postcss@8.5.6)
      postcss-discard-duplicates: 7.0.2(postcss@8.5.6)
      postcss-discard-empty: 7.0.1(postcss@8.5.6)
      postcss-discard-overridden: 7.0.1(postcss@8.5.6)
      postcss-merge-longhand: 7.0.5(postcss@8.5.6)
      postcss-merge-rules: 7.0.6(postcss@8.5.6)
      postcss-minify-font-values: 7.0.1(postcss@8.5.6)
      postcss-minify-gradients: 7.0.1(postcss@8.5.6)
      postcss-minify-params: 7.0.4(postcss@8.5.6)
      postcss-minify-selectors: 7.0.5(postcss@8.5.6)
      postcss-normalize-charset: 7.0.1(postcss@8.5.6)
      postcss-normalize-display-values: 7.0.1(postcss@8.5.6)
      postcss-normalize-positions: 7.0.1(postcss@8.5.6)
      postcss-normalize-repeat-style: 7.0.1(postcss@8.5.6)
      postcss-normalize-string: 7.0.1(postcss@8.5.6)
      postcss-normalize-timing-functions: 7.0.1(postcss@8.5.6)
      postcss-normalize-unicode: 7.0.4(postcss@8.5.6)
      postcss-normalize-url: 7.0.1(postcss@8.5.6)
      postcss-normalize-whitespace: 7.0.1(postcss@8.5.6)
      postcss-ordered-values: 7.0.2(postcss@8.5.6)
      postcss-reduce-initial: 7.0.4(postcss@8.5.6)
      postcss-reduce-transforms: 7.0.1(postcss@8.5.6)
      postcss-svgo: 7.1.0(postcss@8.5.6)
      postcss-unique-selectors: 7.0.4(postcss@8.5.6)

  cssnano-utils@5.0.1(postcss@8.5.6):
    dependencies:
      postcss: 8.5.6

  cssnano@7.1.0(postcss@8.5.6):
    dependencies:
      cssnano-preset-default: 7.0.8(postcss@8.5.6)
      lilconfig: 3.1.3
      postcss: 8.5.6

  csso@5.0.5:
    dependencies:
      css-tree: 2.2.1

  dependency-graph@1.0.0: {}

  dom-serializer@2.0.0:
    dependencies:
      domelementtype: 2.3.0
      domhandler: 5.0.3
      entities: 4.5.0

  domelementtype@2.3.0: {}

  domhandler@5.0.3:
    dependencies:
      domelementtype: 2.3.0

  domutils@3.2.2:
    dependencies:
      dom-serializer: 2.0.0
      domelementtype: 2.3.0
      domhandler: 5.0.3

  eastasianwidth@0.2.0: {}

  electron-to-chromium@1.5.185: {}

  emoji-regex@8.0.0: {}

  emoji-regex@9.2.2: {}

  entities@4.5.0: {}

  escalade@3.2.0: {}

  fdir@6.4.6(picomatch@4.0.3):
    optionalDependencies:
      picomatch: 4.0.3

  fill-range@7.1.1:
    dependencies:
      to-regex-range: 5.0.1

  foreground-child@3.3.1:
    dependencies:
      cross-spawn: 7.0.6
      signal-exit: 4.1.0

  fraction.js@4.3.7: {}

  fs-extra@11.3.0:
    dependencies:
      graceful-fs: 4.2.11
      jsonfile: 6.1.0
      universalify: 2.0.1

  fsevents@2.3.3:
    optional: true

  function-bind@1.1.2: {}

  get-caller-file@2.0.5: {}

  glob-parent@5.1.2:
    dependencies:
      is-glob: 4.0.3

  glob@11.0.3:
    dependencies:
      foreground-child: 3.3.1
      jackspeak: 4.1.1
      minimatch: 10.0.3
      minipass: 7.1.2
      package-json-from-dist: 1.0.1
      path-scurry: 2.0.0

  graceful-fs@4.2.11: {}

  hasown@2.0.2:
    dependencies:
      function-bind: 1.1.2

  is-binary-path@2.1.0:
    dependencies:
      binary-extensions: 2.3.0

  is-core-module@2.16.1:
    dependencies:
      hasown: 2.0.2

  is-extglob@2.1.1: {}

  is-fullwidth-code-point@3.0.0: {}

  is-glob@4.0.3:
    dependencies:
      is-extglob: 2.1.1

  is-number@7.0.0: {}

  isexe@2.0.0: {}

  jackspeak@4.1.1:
    dependencies:
      '@isaacs/cliui': 8.0.2

  jsonfile@6.1.0:
    dependencies:
      universalify: 2.0.1
    optionalDependencies:
      graceful-fs: 4.2.11

  lilconfig@3.1.3: {}

  lodash.memoize@4.1.2: {}

  lodash.uniq@4.5.0: {}

  lru-cache@11.1.0: {}

  mdn-data@2.0.28: {}

  mdn-data@2.12.2: {}

  minimatch@10.0.3:
    dependencies:
      '@isaacs/brace-expansion': 5.0.0

  minipass@7.1.2: {}

  nanoid@3.3.11: {}

  node-releases@2.0.19: {}

  normalize-path@3.0.0: {}

  normalize-range@0.1.2: {}

  nth-check@2.1.1:
    dependencies:
      boolbase: 1.0.0

  package-json-from-dist@1.0.1: {}

  path-key@3.1.1: {}

  path-parse@1.0.7: {}

  path-scurry@2.0.0:
    dependencies:
      lru-cache: 11.1.0
      minipass: 7.1.2

  picocolors@1.1.1: {}

  picomatch@2.3.1: {}

  picomatch@4.0.3: {}

  pify@2.3.0: {}

  postcss-calc@10.1.1(postcss@8.5.6):
    dependencies:
      postcss: 8.5.6
      postcss-selector-parser: 7.1.0
      postcss-value-parser: 4.2.0

  postcss-cli@11.0.1(postcss@8.5.6):
    dependencies:
      chokidar: 3.6.0
      dependency-graph: 1.0.0
      fs-extra: 11.3.0
      picocolors: 1.1.1
      postcss: 8.5.6
      postcss-load-config: 5.1.0(postcss@8.5.6)
      postcss-reporter: 7.1.0(postcss@8.5.6)
      pretty-hrtime: 1.0.3
      read-cache: 1.0.0
      slash: 5.1.0
      tinyglobby: 0.2.14
      yargs: 17.7.2
    transitivePeerDependencies:
      - jiti
      - tsx

  postcss-colormin@7.0.4(postcss@8.5.6):
    dependencies:
      browserslist: 4.25.1
      caniuse-api: 3.0.0
      colord: 2.9.3
      postcss: 8.5.6
      postcss-value-parser: 4.2.0

  postcss-convert-values@7.0.6(postcss@8.5.6):
    dependencies:
      browserslist: 4.25.1
      postcss: 8.5.6
      postcss-value-parser: 4.2.0

  postcss-discard-comments@7.0.4(postcss@8.5.6):
    dependencies:
      postcss: 8.5.6
      postcss-selector-parser: 7.1.0

  postcss-discard-duplicates@7.0.2(postcss@8.5.6):
    dependencies:
      postcss: 8.5.6

  postcss-discard-empty@7.0.1(postcss@8.5.6):
    dependencies:
      postcss: 8.5.6

  postcss-discard-overridden@7.0.1(postcss@8.5.6):
    dependencies:
      postcss: 8.5.6

  postcss-import@16.1.1(postcss@8.5.6):
    dependencies:
      postcss: 8.5.6
      postcss-value-parser: 4.2.0
      read-cache: 1.0.0
      resolve: 1.22.10

  postcss-load-config@5.1.0(postcss@8.5.6):
    dependencies:
      lilconfig: 3.1.3
      yaml: 2.8.0
    optionalDependencies:
      postcss: 8.5.6

  postcss-merge-longhand@7.0.5(postcss@8.5.6):
    dependencies:
      postcss: 8.5.6
      postcss-value-parser: 4.2.0
      stylehacks: 7.0.6(postcss@8.5.6)

  postcss-merge-rules@7.0.6(postcss@8.5.6):
    dependencies:
      browserslist: 4.25.1
      caniuse-api: 3.0.0
      cssnano-utils: 5.0.1(postcss@8.5.6)
      postcss: 8.5.6
      postcss-selector-parser: 7.1.0

  postcss-minify-font-values@7.0.1(postcss@8.5.6):
    dependencies:
      postcss: 8.5.6
      postcss-value-parser: 4.2.0

  postcss-minify-gradients@7.0.1(postcss@8.5.6):
    dependencies:
      colord: 2.9.3
      cssnano-utils: 5.0.1(postcss@8.5.6)
      postcss: 8.5.6
      postcss-value-parser: 4.2.0

  postcss-minify-params@7.0.4(postcss@8.5.6):
    dependencies:
      browserslist: 4.25.1
      cssnano-utils: 5.0.1(postcss@8.5.6)
      postcss: 8.5.6
      postcss-value-parser: 4.2.0

  postcss-minify-selectors@7.0.5(postcss@8.5.6):
    dependencies:
      cssesc: 3.0.0
      postcss: 8.5.6
      postcss-selector-parser: 7.1.0

  postcss-nesting@13.0.2(postcss@8.5.6):
    dependencies:
      '@csstools/selector-resolve-nested': 3.1.0(postcss-selector-parser@7.1.0)
      '@csstools/selector-specificity': 5.0.0(postcss-selector-parser@7.1.0)
      postcss: 8.5.6
      postcss-selector-parser: 7.1.0

  postcss-normalize-charset@7.0.1(postcss@8.5.6):
    dependencies:
      postcss: 8.5.6

  postcss-normalize-display-values@7.0.1(postcss@8.5.6):
    dependencies:
      postcss: 8.5.6
      postcss-value-parser: 4.2.0

  postcss-normalize-positions@7.0.1(postcss@8.5.6):
    dependencies:
      postcss: 8.5.6
      postcss-value-parser: 4.2.0

  postcss-normalize-repeat-style@7.0.1(postcss@8.5.6):
    dependencies:
      postcss: 8.5.6
      postcss-value-parser: 4.2.0

  postcss-normalize-string@7.0.1(postcss@8.5.6):
    dependencies:
      postcss: 8.5.6
      postcss-value-parser: 4.2.0

  postcss-normalize-timing-functions@7.0.1(postcss@8.5.6):
    dependencies:
      postcss: 8.5.6
      postcss-value-parser: 4.2.0

  postcss-normalize-unicode@7.0.4(postcss@8.5.6):
    dependencies:
      browserslist: 4.25.1
      postcss: 8.5.6
      postcss-value-parser: 4.2.0

  postcss-normalize-url@7.0.1(postcss@8.5.6):
    dependencies:
      postcss: 8.5.6
      postcss-value-parser: 4.2.0

  postcss-normalize-whitespace@7.0.1(postcss@8.5.6):
    dependencies:
      postcss: 8.5.6
      postcss-value-parser: 4.2.0

  postcss-ordered-values@7.0.2(postcss@8.5.6):
    dependencies:
      cssnano-utils: 5.0.1(postcss@8.5.6)
      postcss: 8.5.6
      postcss-value-parser: 4.2.0

  postcss-reduce-initial@7.0.4(postcss@8.5.6):
    dependencies:
      browserslist: 4.25.1
      caniuse-api: 3.0.0
      postcss: 8.5.6

  postcss-reduce-transforms@7.0.1(postcss@8.5.6):
    dependencies:
      postcss: 8.5.6
      postcss-value-parser: 4.2.0

  postcss-reporter@7.1.0(postcss@8.5.6):
    dependencies:
      picocolors: 1.1.1
      postcss: 8.5.6
      thenby: 1.3.4

  postcss-selector-parser@7.1.0:
    dependencies:
      cssesc: 3.0.0
      util-deprecate: 1.0.2

  postcss-svgo@7.1.0(postcss@8.5.6):
    dependencies:
      postcss: 8.5.6
      postcss-value-parser: 4.2.0
      svgo: 4.0.0

  postcss-unique-selectors@7.0.4(postcss@8.5.6):
    dependencies:
      postcss: 8.5.6
      postcss-selector-parser: 7.1.0

  postcss-value-parser@4.2.0: {}

  postcss@8.5.6:
    dependencies:
      nanoid: 3.3.11
      picocolors: 1.1.1
      source-map-js: 1.2.1

  pretty-hrtime@1.0.3: {}

  read-cache@1.0.0:
    dependencies:
      pify: 2.3.0

  readdirp@3.6.0:
    dependencies:
      picomatch: 2.3.1

  require-directory@2.1.1: {}

  resolve@1.22.10:
    dependencies:
      is-core-module: 2.16.1
      path-parse: 1.0.7
      supports-preserve-symlinks-flag: 1.0.0

  rimraf@6.0.1:
    dependencies:
      glob: 11.0.3
      package-json-from-dist: 1.0.1

  sax@1.4.1: {}

  shebang-command@2.0.0:
    dependencies:
      shebang-regex: 3.0.0

  shebang-regex@3.0.0: {}

  signal-exit@4.1.0: {}

  slash@5.1.0: {}

  source-map-js@1.2.1: {}

  string-width@4.2.3:
    dependencies:
      emoji-regex: 8.0.0
      is-fullwidth-code-point: 3.0.0
      strip-ansi: 6.0.1

  string-width@5.1.2:
    dependencies:
      eastasianwidth: 0.2.0
      emoji-regex: 9.2.2
      strip-ansi: 7.1.0

  strip-ansi@6.0.1:
    dependencies:
      ansi-regex: 5.0.1

  strip-ansi@7.1.0:
    dependencies:
      ansi-regex: 6.1.0

  stylehacks@7.0.6(postcss@8.5.6):
    dependencies:
      browserslist: 4.25.1
      postcss: 8.5.6
      postcss-selector-parser: 7.1.0

  supports-preserve-symlinks-flag@1.0.0: {}

  svgo@4.0.0:
    dependencies:
      commander: 11.1.0
      css-select: 5.2.2
      css-tree: 3.1.0
      css-what: 6.2.2
      csso: 5.0.5
      picocolors: 1.1.1
      sax: 1.4.1

  thenby@1.3.4: {}

  tinyglobby@0.2.14:
    dependencies:
      fdir: 6.4.6(picomatch@4.0.3)
      picomatch: 4.0.3

  to-regex-range@5.0.1:
    dependencies:
      is-number: 7.0.0

  universalify@2.0.1: {}

  update-browserslist-db@1.1.3(browserslist@4.25.1):
    dependencies:
      browserslist: 4.25.1
      escalade: 3.2.0
      picocolors: 1.1.1

  util-deprecate@1.0.2: {}

  which@2.0.2:
    dependencies:
      isexe: 2.0.0

  wrap-ansi@7.0.0:
    dependencies:
      ansi-styles: 4.3.0
      string-width: 4.2.3
      strip-ansi: 6.0.1

  wrap-ansi@8.1.0:
    dependencies:
      ansi-styles: 6.2.1
      string-width: 5.1.2
      strip-ansi: 7.1.0

  y18n@5.0.8: {}

  yaml@2.8.0: {}

  yargs-parser@21.1.1: {}

  yargs@17.7.2:
    dependencies:
      cliui: 8.0.1
      escalade: 3.2.0
      get-caller-file: 2.0.5
      require-directory: 2.1.1
      string-width: 4.2.3
      y18n: 5.0.8
      yargs-parser: 21.1.1
